github.com/tdewolff/minify/v2 v2.24.10 h1:SjOOY2Y3Uv34WY4wtyUzJA2T1Xd1v1zQVSZvPP0A/h4=
github.com/tdewolff/minify/v2 v2.24.10/go.mod h1:fXkGpJ4gel+z1nmeIjVtKmxGZ4ZXd7g1gA3dfTz5/j8=
github.com/tdewolff/parse/v2 v2.8.10 h1:5a8o388UmuiU3zlOBJ56PN0rxVi67LRNED/zzuHAfC0=
github.com/tdewolff/parse/v2 v2.8.10/go.mod h1:Hwlni2tiVNKyzR1o6nUs4FOF07URA+JLBLd6dlIXYqo=
github.com/tdewolff/test v1.0.11 h1:FdLbwQVHxqG16SlkGveC0JVyrJN62COWTRyUFzfbtBE=
github.com/tdewolff/test v1.0.11/go.mod h1:XPuWBzvdUzhCuxWO1ojpXsyzsA5bFoS3tO/Q3kFuTG8=
github.com/yuin/goldmark v1.7.16 h1:n+CJdUxaFMiDUNnWC3dMWCIQJSkxH4uz3ZwQBkAlVNE=
github.com/yuin/goldmark v1.7.16/go.mod h1:ip/1k0VRfGynBgxOz0yCqHrbZXhcjxyuS66Brc7iBKg=
